
Microsoft Visual Studio Solution File, Format Version 12.00
# Visual Studio 15
VisualStudioVersion = 15.0.26430.6
MinimumVisualStudioVersion = 10.0.40219.1
Project("{FAE04EC0-301F-11D3-BF4B-00C04F79EFBC}") = "LCARS.CoreUi", "LCARS.CoreUi\LCARS.CoreUi.csproj", "{BA62254B-B9D9-4FE4-A64C-5BABA76DDD04}"
EndProject
Project("{FAE04EC0-301F-11D3-BF4B-00C04F79EFBC}") = "LCARS.Demo", "LCARS.Demo\LCARS.Demo.csproj", "{9033E79A-BCB6-46FD-B0A9-C098E711E5DA}"
EndProject
Global
	GlobalSection(SolutionConfigurationPlatforms) = preSolution
		Debug|Any CPU = Debug|Any CPU
		Release|Any CPU = Release|Any CPU
	EndGlobalSection
	GlobalSection(ProjectConfigurationPlatforms) = postSolution
		{BA62254B-B9D9-4FE4-A64C-5BABA76DDD04}.Debug|Any CPU.ActiveCfg = Debug|Any CPU
		{BA62254B-B9D9-4FE4-A64C-5BABA76DDD04}.Debug|Any CPU.Build.0 = Debug|Any CPU
		{BA62254B-B9D9-4FE4-A64C-5BABA76DDD04}.Release|Any CPU.ActiveCfg = Release|Any CPU
		{BA62254B-B9D9-4FE4-A64C-5BABA76DDD04}.Release|Any CPU.Build.0 = Release|Any CPU
		{9033E79A-BCB6-46FD-B0A9-C098E711E5DA}.Debug|Any CPU.ActiveCfg = Debug|Any CPU
		{9033E79A-BCB6-46FD-B0A9-C098E711E5DA}.Debug|Any CPU.Build.0 = Debug|Any CPU
		{9033E79A-BCB6-46FD-B0A9-C098E711E5DA}.Release|Any CPU.ActiveCfg = Release|Any CPU
		{9033E79A-BCB6-46FD-B0A9-C098E711E5DA}.Release|Any CPU.Build.0 = Release|Any CPU
	EndGlobalSection
	GlobalSection(SolutionProperties) = preSolution
		HideSolutionNode = FALSE
	EndGlobalSection
EndGlobal
